
Microsoft Visual Studio Solution File, Format Version 12.00
# Visual Studio Version 17
VisualStudioVersion = 17.9.34723.18
MinimumVisualStudioVersion = 10.0.40219.1
Project("{FAE04EC0-301F-11D3-BF4B-00C04F79EFBC}") = "S10267226_PRG2Assignment", "S10267226_PRG2Assignment\S10267226_PRG2Assignment.csproj", "{AEE04B18-AB37-435C-BC17-16D442D64758}"
EndProject
Global
	GlobalSection(SolutionConfigurationPlatforms) = preSolution
		Debug|Any CPU = Debug|Any CPU
		Release|Any CPU = Release|Any CPU
	EndGlobalSection
	GlobalSection(ProjectConfigurationPlatforms) = postSolution
		{AEE04B18-AB37-435C-BC17-16D442D64758}.Debug|Any CPU.ActiveCfg = Debug|Any CPU
		{AEE04B18-AB37-435C-BC17-16D442D64758}.Debug|Any CPU.Build.0 = Debug|Any CPU
		{AEE04B18-AB37-435C-BC17-16D442D64758}.Release|Any CPU.ActiveCfg = Release|Any CPU
		{AEE04B18-AB37-435C-BC17-16D442D64758}.Release|Any CPU.Build.0 = Release|Any CPU
	EndGlobalSection
	GlobalSection(SolutionProperties) = preSolution
		HideSolutionNode = FALSE
	EndGlobalSection
	GlobalSection(ExtensibilityGlobals) = postSolution
		SolutionGuid = {7E554B80-A5B3-4698-A1AC-E461B6BF370B}
	EndGlobalSection
EndGlobal
