
Microsoft Visual Studio Solution File, Format Version 12.00
# Visual Studio Version 17
VisualStudioVersion = 17.9.34723.18
MinimumVisualStudioVersion = 10.0.40219.1
Project("{FAE04EC0-301F-11D3-BF4B-00C04F79EFBC}") = "PRG02_Assignment", "PRG02_Assignment\PRG02_Assignment.csproj", "{034C5579-B9A8-4DDD-95CE-64131C1AF7C1}"
EndProject
Global
	GlobalSection(SolutionConfigurationPlatforms) = preSolution
		Debug|Any CPU = Debug|Any CPU
		Release|Any CPU = Release|Any CPU
	EndGlobalSection
	GlobalSection(ProjectConfigurationPlatforms) = postSolution
		{034C5579-B9A8-4DDD-95CE-64131C1AF7C1}.Debug|Any CPU.ActiveCfg = Debug|Any CPU
		{034C5579-B9A8-4DDD-95CE-64131C1AF7C1}.Debug|Any CPU.Build.0 = Debug|Any CPU
		{034C5579-B9A8-4DDD-95CE-64131C1AF7C1}.Release|Any CPU.ActiveCfg = Release|Any CPU
		{034C5579-B9A8-4DDD-95CE-64131C1AF7C1}.Release|Any CPU.Build.0 = Release|Any CPU
	EndGlobalSection
	GlobalSection(SolutionProperties) = preSolution
		HideSolutionNode = FALSE
	EndGlobalSection
	GlobalSection(ExtensibilityGlobals) = postSolution
		SolutionGuid = {68482BD6-5723-417B-A073-8D4E32732769}
	EndGlobalSection
EndGlobal
